// !$*UTF8*$!
{
	archiveVersion = 1;
	classes = {
	};
	objectVersion = 46;
	objects = {

/* Begin PBXBuildFile section */
		D221D5C81841103500793B37 /* EPAdViewController.m in Sources */ = {isa = PBXBuildFile; fileRef = D221D5C61841103500793B37 /* EPAdViewController.m */; };
		D221D5C91841103500793B37 /* EPAdViewController.xib in Resources */ = {isa = PBXBuildFile; fileRef = D221D5C71841103500793B37 /* EPAdViewController.xib */; };
		D221D5CC184110E400793B37 /* EPViewController.m in Sources */ = {isa = PBXBuildFile; fileRef = D221D5CA184110E400793B37 /* EPViewController.m */; };
		D22714821840CFF10070E85D /* Foundation.framework in Frameworks */ = {isa = PBXBuildFile; fileRef = D22714811840CFF10070E85D /* Foundation.framework */; };
		D22714841840CFF10070E85D /* CoreGraphics.framework in Frameworks */ = {isa = PBXBuildFile; fileRef = D22714831840CFF10070E85D /* CoreGraphics.framework */; };
		D22714861840CFF10070E85D /* UIKit.framework in Frameworks */ = {isa = PBXBuildFile; fileRef = D22714851840CFF10070E85D /* UIKit.framework */; };
		D227148C1840CFF10070E85D /* InfoPlist.strings in Resources */ = {isa = PBXBuildFile; fileRef = D227148A1840CFF10070E85D /* InfoPlist.strings */; };
		D227148E1840CFF10070E85D /* main.m in Sources */ = {isa = PBXBuildFile; fileRef = D227148D1840CFF10070E85D /* main.m */; };
		D22714921840CFF10070E85D /* EPAppDelegate.m in Sources */ = {isa = PBXBuildFile; fileRef = D22714911840CFF10070E85D /* EPAppDelegate.m */; };
		D22714951840CFF10070E85D /* Main.storyboard in Resources */ = {isa = PBXBuildFile; fileRef = D22714931840CFF10070E85D /* Main.storyboard */; };
		D227149A1840CFF10070E85D /* Images.xcassets in Resources */ = {isa = PBXBuildFile; fileRef = D22714991840CFF10070E85D /* Images.xcassets */; };
		D22714A11840CFF10070E85D /* XCTest.framework in Frameworks */ = {isa = PBXBuildFile; fileRef = D22714A01840CFF10070E85D /* XCTest.framework */; };
		D22714A21840CFF10070E85D /* Foundation.framework in Frameworks */ = {isa = PBXBuildFile; fileRef = D22714811840CFF10070E85D /* Foundation.framework */; };
		D22714A31840CFF10070E85D /* UIKit.framework in Frameworks */ = {isa = PBXBuildFile; fileRef = D22714851840CFF10070E85D /* UIKit.framework */; };
		D22714AB1840CFF10070E85D /* InfoPlist.strings in Resources */ = {isa = PBXBuildFile; fileRef = D22714A91840CFF10070E85D /* InfoPlist.strings */; };
		D22714AD1840CFF10070E85D /* MobidevlandTests.m in Sources */ = {isa = PBXBuildFile; fileRef = D22714AC1840CFF10070E85D /* MobidevlandTests.m */; };
		F4850EF418411F3B0031A2B7 /* EPSignUpViewController.m in Sources */ = {isa = PBXBuildFile; fileRef = F4850EF318411F3B0031A2B7 /* EPSignUpViewController.m */; };
		F4BA642E1840E1B100DEA91A /* AudioToolbox.framework in Frameworks */ = {isa = PBXBuildFile; fileRef = F4BA642D1840E1B100DEA91A /* AudioToolbox.framework */; };
		F4BA64301840E1BB00DEA91A /* CFNetwork.framework in Frameworks */ = {isa = PBXBuildFile; fileRef = F4BA642F1840E1BB00DEA91A /* CFNetwork.framework */; };
		F4BA64321840E1CD00DEA91A /* libz.1.1.3.dylib in Frameworks */ = {isa = PBXBuildFile; fileRef = F4BA64311840E1CD00DEA91A /* libz.1.1.3.dylib */; };
		F4BA64341840E1DC00DEA91A /* MobileCoreServices.framework in Frameworks */ = {isa = PBXBuildFile; fileRef = F4BA64331840E1DC00DEA91A /* MobileCoreServices.framework */; };
		F4BA64361840E1E600DEA91A /* QuartzCore.framework in Frameworks */ = {isa = PBXBuildFile; fileRef = F4BA64351840E1E600DEA91A /* QuartzCore.framework */; };
		F4BA64381840E1F100DEA91A /* Security.framework in Frameworks */ = {isa = PBXBuildFile; fileRef = F4BA64371840E1F100DEA91A /* Security.framework */; };
		F4BA643A1840E22400DEA91A /* SystemConfiguration.framework in Frameworks */ = {isa = PBXBuildFile; fileRef = F4BA64391840E22300DEA91A /* SystemConfiguration.framework */; };
		F4BA643C1840E4E800DEA91A /* HomeImages.xcassets in Resources */ = {isa = PBXBuildFile; fileRef = F4BA643B1840E4E800DEA91A /* HomeImages.xcassets */; };
		F4BA644A1840F7C100DEA91A /* EPInfoViewController.m in Sources */ = {isa = PBXBuildFile; fileRef = F4BA64491840F7C100DEA91A /* EPInfoViewController.m */; };
		F4BA644C1841155400DEA91A /* Parse.framework in Frameworks */ = {isa = PBXBuildFile; fileRef = F4BA644B1841155400DEA91A /* Parse.framework */; };
/* End PBXBuildFile section */

/* Begin PBXContainerItemProxy section */
		D22714A41840CFF10070E85D /* PBXContainerItemProxy */ = {
			isa = PBXContainerItemProxy;
			containerPortal = D22714761840CFF10070E85D /* Project object */;
			proxyType = 1;
			remoteGlobalIDString = D227147D1840CFF10070E85D;
			remoteInfo = Mobidevland;
		};
/* End PBXContainerItemProxy section */

/* Begin PBXFileReference section */
		D221D5C51841103500793B37 /* EPAdViewController.h */ = {isa = PBXFileReference; fileEncoding = 4; lastKnownFileType = sourcecode.c.h; path = EPAdViewController.h; sourceTree = "<group>"; };
		D221D5C61841103500793B37 /* EPAdViewController.m */ = {isa = PBXFileReference; fileEncoding = 4; lastKnownFileType = sourcecode.c.objc; path = EPAdViewController.m; sourceTree = "<group>"; };
		D221D5C71841103500793B37 /* EPAdViewController.xib */ = {isa = PBXFileReference; fileEncoding = 4; lastKnownFileType = file.xib; path = EPAdViewController.xib; sourceTree = "<group>"; };
		D221D5CA184110E400793B37 /* EPViewController.m */ = {isa = PBXFileReference; fileEncoding = 4; lastKnownFileType = sourcecode.c.objc; path = EPViewController.m; sourceTree = "<group>"; };
		D221D5CB184110E400793B37 /* EPViewController.h */ = {isa = PBXFileReference; fileEncoding = 4; lastKnownFileType = sourcecode.c.h; path = EPViewController.h; sourceTree = "<group>"; };
		D227147E1840CFF10070E85D /* Mobidevland.app */ = {isa = PBXFileReference; explicitFileType = wrapper.application; includeInIndex = 0; path = Mobidevland.app; sourceTree = BUILT_PRODUCTS_DIR; };
		D22714811840CFF10070E85D /* Foundation.framework */ = {isa = PBXFileReference; lastKnownFileType = wrapper.framework; name = Foundation.framework; path = System/Library/Frameworks/Foundation.framework; sourceTree = SDKROOT; };
		D22714831840CFF10070E85D /* CoreGraphics.framework */ = {isa = PBXFileReference; lastKnownFileType = wrapper.framework; name = CoreGraphics.framework; path = System/Library/Frameworks/CoreGraphics.framework; sourceTree = SDKROOT; };
		D22714851840CFF10070E85D /* UIKit.framework */ = {isa = PBXFileReference; lastKnownFileType = wrapper.framework; name = UIKit.framework; path = System/Library/Frameworks/UIKit.framework; sourceTree = SDKROOT; };
		D22714891840CFF10070E85D /* Mobidevland-Info.plist */ = {isa = PBXFileReference; lastKnownFileType = text.plist.xml; path = "Mobidevland-Info.plist"; sourceTree = "<group>"; };
		D227148B1840CFF10070E85D /* en */ = {isa = PBXFileReference; lastKnownFileType = text.plist.strings; name = en; path = en.lproj/InfoPlist.strings; sourceTree = "<group>"; };
		D227148D1840CFF10070E85D /* main.m */ = {isa = PBXFileReference; lastKnownFileType = sourcecode.c.objc; path = main.m; sourceTree = "<group>"; };
		D227148F1840CFF10070E85D /* Mobidevland-Prefix.pch */ = {isa = PBXFileReference; lastKnownFileType = sourcecode.c.h; path = "Mobidevland-Prefix.pch"; sourceTree = "<group>"; };
		D22714901840CFF10070E85D /* EPAppDelegate.h */ = {isa = PBXFileReference; lastKnownFileType = sourcecode.c.h; path = EPAppDelegate.h; sourceTree = "<group>"; };
		D22714911840CFF10070E85D /* EPAppDelegate.m */ = {isa = PBXFileReference; lastKnownFileType = sourcecode.c.objc; path = EPAppDelegate.m; sourceTree = "<group>"; };
		D22714941840CFF10070E85D /* Base */ = {isa = PBXFileReference; lastKnownFileType = file.storyboard; name = Base; path = Base.lproj/Main.storyboard; sourceTree = "<group>"; };
		D22714991840CFF10070E85D /* Images.xcassets */ = {isa = PBXFileReference; lastKnownFileType = folder.assetcatalog; path = Images.xcassets; sourceTree = "<group>"; };
		D227149F1840CFF10070E85D /* MobidevlandTests.xctest */ = {isa = PBXFileReference; explicitFileType = wrapper.cfbundle; includeInIndex = 0; path = MobidevlandTests.xctest; sourceTree = BUILT_PRODUCTS_DIR; };
		D22714A01840CFF10070E85D /* XCTest.framework */ = {isa = PBXFileReference; lastKnownFileType = wrapper.framework; name = XCTest.framework; path = Library/Frameworks/XCTest.framework; sourceTree = DEVELOPER_DIR; };
		D22714A81840CFF10070E85D /* MobidevlandTests-Info.plist */ = {isa = PBXFileReference; lastKnownFileType = text.plist.xml; path = "MobidevlandTests-Info.plist"; sourceTree = "<group>"; };
		D22714AA1840CFF10070E85D /* en */ = {isa = PBXFileReference; lastKnownFileType = text.plist.strings; name = en; path = en.lproj/InfoPlist.strings; sourceTree = "<group>"; };
		D22714AC1840CFF10070E85D /* MobidevlandTests.m */ = {isa = PBXFileReference; lastKnownFileType = sourcecode.c.objc; path = MobidevlandTests.m; sourceTree = "<group>"; };
		F4850EF218411F3B0031A2B7 /* EPSignUpViewController.h */ = {isa = PBXFileReference; fileEncoding = 4; lastKnownFileType = sourcecode.c.h; path = EPSignUpViewController.h; sourceTree = "<group>"; };
		F4850EF318411F3B0031A2B7 /* EPSignUpViewController.m */ = {isa = PBXFileReference; fileEncoding = 4; lastKnownFileType = sourcecode.c.objc; path = EPSignUpViewController.m; sourceTree = "<group>"; };
		F4BA642D1840E1B100DEA91A /* AudioToolbox.framework */ = {isa = PBXFileReference; lastKnownFileType = wrapper.framework; name = AudioToolbox.framework; path = System/Library/Frameworks/AudioToolbox.framework; sourceTree = SDKROOT; };
		F4BA642F1840E1BB00DEA91A /* CFNetwork.framework */ = {isa = PBXFileReference; lastKnownFileType = wrapper.framework; name = CFNetwork.framework; path = System/Library/Frameworks/CFNetwork.framework; sourceTree = SDKROOT; };
		F4BA64311840E1CD00DEA91A /* libz.1.1.3.dylib */ = {isa = PBXFileReference; lastKnownFileType = "compiled.mach-o.dylib"; name = libz.1.1.3.dylib; path = usr/lib/libz.1.1.3.dylib; sourceTree = SDKROOT; };
		F4BA64331840E1DC00DEA91A /* MobileCoreServices.framework */ = {isa = PBXFileReference; lastKnownFileType = wrapper.framework; name = MobileCoreServices.framework; path = System/Library/Frameworks/MobileCoreServices.framework; sourceTree = SDKROOT; };
		F4BA64351840E1E600DEA91A /* QuartzCore.framework */ = {isa = PBXFileReference; lastKnownFileType = wrapper.framework; name = QuartzCore.framework; path = System/Library/Frameworks/QuartzCore.framework; sourceTree = SDKROOT; };
		F4BA64371840E1F100DEA91A /* Security.framework */ = {isa = PBXFileReference; lastKnownFileType = wrapper.framework; name = Security.framework; path = System/Library/Frameworks/Security.framework; sourceTree = SDKROOT; };
		F4BA64391840E22300DEA91A /* SystemConfiguration.framework */ = {isa = PBXFileReference; lastKnownFileType = wrapper.framework; name = SystemConfiguration.framework; path = System/Library/Frameworks/SystemConfiguration.framework; sourceTree = SDKROOT; };
		F4BA643B1840E4E800DEA91A /* HomeImages.xcassets */ = {isa = PBXFileReference; lastKnownFileType = folder.assetcatalog; path = HomeImages.xcassets; sourceTree = "<group>"; };
		F4BA64481840F7C100DEA91A /* EPInfoViewController.h */ = {isa = PBXFileReference; fileEncoding = 4; lastKnownFileType = sourcecode.c.h; path = EPInfoViewController.h; sourceTree = "<group>"; };
		F4BA64491840F7C100DEA91A /* EPInfoViewController.m */ = {isa = PBXFileReference; fileEncoding = 4; lastKnownFileType = sourcecode.c.objc; path = EPInfoViewController.m; sourceTree = "<group>"; };
		F4BA644B1841155400DEA91A /* Parse.framework */ = {isa = PBXFileReference; lastKnownFileType = wrapper.framework; name = Parse.framework; path = Mobidevland/Parse.framework; sourceTree = "<group>"; };
/* End PBXFileReference section */

/* Begin PBXFrameworksBuildPhase section */
		D227147B1840CFF10070E85D /* Frameworks */ = {
			isa = PBXFrameworksBuildPhase;
			buildActionMask = 2147483647;
			files = (
				F4BA644C1841155400DEA91A /* Parse.framework in Frameworks */,
				F4BA643A1840E22400DEA91A /* SystemConfiguration.framework in Frameworks */,
				F4BA64381840E1F100DEA91A /* Security.framework in Frameworks */,
				F4BA64361840E1E600DEA91A /* QuartzCore.framework in Frameworks */,
				F4BA64341840E1DC00DEA91A /* MobileCoreServices.framework in Frameworks */,
				F4BA64321840E1CD00DEA91A /* libz.1.1.3.dylib in Frameworks */,
				F4BA64301840E1BB00DEA91A /* CFNetwork.framework in Frameworks */,
				F4BA642E1840E1B100DEA91A /* AudioToolbox.framework in Frameworks */,
				D22714841840CFF10070E85D /* CoreGraphics.framework in Frameworks */,
				D22714861840CFF10070E85D /* UIKit.framework in Frameworks */,
				D22714821840CFF10070E85D /* Foundation.framework in Frameworks */,
			);
			runOnlyForDeploymentPostprocessing = 0;
		};
		D227149C1840CFF10070E85D /* Frameworks */ = {
			isa = PBXFrameworksBuildPhase;
			buildActionMask = 2147483647;
			files = (
				D22714A11840CFF10070E85D /* XCTest.framework in Frameworks */,
				D22714A31840CFF10070E85D /* UIKit.framework in Frameworks */,
				D22714A21840CFF10070E85D /* Foundation.framework in Frameworks */,
			);
			runOnlyForDeploymentPostprocessing = 0;
		};
/* End PBXFrameworksBuildPhase section */

/* Begin PBXGroup section */
		D22714751840CFF10070E85D = {
			isa = PBXGroup;
			children = (
				D22714871840CFF10070E85D /* Mobidevland */,
				D22714A61840CFF10070E85D /* MobidevlandTests */,
				D22714801840CFF10070E85D /* Frameworks */,
				D227147F1840CFF10070E85D /* Products */,
			);
			sourceTree = "<group>";
		};
		D227147F1840CFF10070E85D /* Products */ = {
			isa = PBXGroup;
			children = (
				D227147E1840CFF10070E85D /* Mobidevland.app */,
				D227149F1840CFF10070E85D /* MobidevlandTests.xctest */,
			);
			name = Products;
			sourceTree = "<group>";
		};
		D22714801840CFF10070E85D /* Frameworks */ = {
			isa = PBXGroup;
			children = (
				F4BA644B1841155400DEA91A /* Parse.framework */,
				F4BA64391840E22300DEA91A /* SystemConfiguration.framework */,
				F4BA64371840E1F100DEA91A /* Security.framework */,
				F4BA64351840E1E600DEA91A /* QuartzCore.framework */,
				F4BA64331840E1DC00DEA91A /* MobileCoreServices.framework */,
				F4BA64311840E1CD00DEA91A /* libz.1.1.3.dylib */,
				F4BA642F1840E1BB00DEA91A /* CFNetwork.framework */,
				F4BA642D1840E1B100DEA91A /* AudioToolbox.framework */,
				D22714811840CFF10070E85D /* Foundation.framework */,
				D22714831840CFF10070E85D /* CoreGraphics.framework */,
				D22714851840CFF10070E85D /* UIKit.framework */,
				D22714A01840CFF10070E85D /* XCTest.framework */,
			);
			name = Frameworks;
			sourceTree = "<group>";
		};
		D22714871840CFF10070E85D /* Mobidevland */ = {
			isa = PBXGroup;
			children = (
				D22714901840CFF10070E85D /* EPAppDelegate.h */,
				D22714911840CFF10070E85D /* EPAppDelegate.m */,
				D22714931840CFF10070E85D /* Main.storyboard */,
				F4BA64481840F7C100DEA91A /* EPInfoViewController.h */,
				F4BA64491840F7C100DEA91A /* EPInfoViewController.m */,
				D221D5CB184110E400793B37 /* EPViewController.h */,
				D221D5CA184110E400793B37 /* EPViewController.m */,
				D221D5C51841103500793B37 /* EPAdViewController.h */,
				D221D5C61841103500793B37 /* EPAdViewController.m */,
				D221D5C71841103500793B37 /* EPAdViewController.xib */,
				F4850EF218411F3B0031A2B7 /* EPSignUpViewController.h */,
				F4850EF318411F3B0031A2B7 /* EPSignUpViewController.m */,
				D22714991840CFF10070E85D /* Images.xcassets */,
				F4BA643B1840E4E800DEA91A /* HomeImages.xcassets */,
				D22714881840CFF10070E85D /* Supporting Files */,
			);
			path = Mobidevland;
			sourceTree = "<group>";
		};
		D22714881840CFF10070E85D /* Supporting Files */ = {
			isa = PBXGroup;
			children = (
				D22714891840CFF10070E85D /* Mobidevland-Info.plist */,
				D227148A1840CFF10070E85D /* InfoPlist.strings */,
				D227148D1840CFF10070E85D /* main.m */,
				D227148F1840CFF10070E85D /* Mobidevland-Prefix.pch */,
			);
			name = "Supporting Files";
			sourceTree = "<group>";
		};
		D22714A61840CFF10070E85D /* MobidevlandTests */ = {
			isa = PBXGroup;
			children = (
				D22714AC1840CFF10070E85D /* MobidevlandTests.m */,
				D22714A71840CFF10070E85D /* Supporting Files */,
			);
			path = MobidevlandTests;
			sourceTree = "<group>";
		};
		D22714A71840CFF10070E85D /* Supporting Files */ = {
			isa = PBXGroup;
			children = (
				D22714A81840CFF10070E85D /* MobidevlandTests-Info.plist */,
				D22714A91840CFF10070E85D /* InfoPlist.strings */,
			);
			name = "Supporting Files";
			sourceTree = "<group>";
		};
/* End PBXGroup section */

/* Begin PBXNativeTarget section */
		D227147D1840CFF10070E85D /* Mobidevland */ = {
			isa = PBXNativeTarget;
			buildConfigurationList = D22714B01840CFF10070E85D /* Build configuration list for PBXNativeTarget "Mobidevland" */;
			buildPhases = (
				D227147A1840CFF10070E85D /* Sources */,
				D227147B1840CFF10070E85D /* Frameworks */,
				D227147C1840CFF10070E85D /* Resources */,
			);
			buildRules = (
			);
			dependencies = (
			);
			name = Mobidevland;
			productName = Mobidevland;
			productReference = D227147E1840CFF10070E85D /* Mobidevland.app */;
			productType = "com.apple.product-type.application";
		};
		D227149E1840CFF10070E85D /* MobidevlandTests */ = {
			isa = PBXNativeTarget;
			buildConfigurationList = D22714B31840CFF10070E85D /* Build configuration list for PBXNativeTarget "MobidevlandTests" */;
			buildPhases = (
				D227149B1840CFF10070E85D /* Sources */,
				D227149C1840CFF10070E85D /* Frameworks */,
				D227149D1840CFF10070E85D /* Resources */,
			);
			buildRules = (
			);
			dependencies = (
				D22714A51840CFF10070E85D /* PBXTargetDependency */,
			);
			name = MobidevlandTests;
			productName = MobidevlandTests;
			productReference = D227149F1840CFF10070E85D /* MobidevlandTests.xctest */;
			productType = "com.apple.product-type.bundle.unit-test";
		};
/* End PBXNativeTarget section */

/* Begin PBXProject section */
		D22714761840CFF10070E85D /* Project object */ = {
			isa = PBXProject;
			attributes = {
				CLASSPREFIX = EP;
				LastUpgradeCheck = 0500;
				ORGANIZATIONNAME = EpiPortal;
				TargetAttributes = {
					D227147D1840CFF10070E85D = {
						DevelopmentTeam = E5L7NC8M9T;
					};
					D227149E1840CFF10070E85D = {
						TestTargetID = D227147D1840CFF10070E85D;
					};
				};
			};
			buildConfigurationList = D22714791840CFF10070E85D /* Build configuration list for PBXProject "Mobidevland" */;
			compatibilityVersion = "Xcode 3.2";
			developmentRegion = English;
			hasScannedForEncodings = 0;
			knownRegions = (
				en,
				Base,
			);
			mainGroup = D22714751840CFF10070E85D;
			productRefGroup = D227147F1840CFF10070E85D /* Products */;
			projectDirPath = "";
			projectRoot = "";
			targets = (
				D227147D1840CFF10070E85D /* Mobidevland */,
				D227149E1840CFF10070E85D /* MobidevlandTests */,
			);
		};
/* End PBXProject section */

/* Begin PBXResourcesBuildPhase section */
		D227147C1840CFF10070E85D /* Resources */ = {
			isa = PBXResourcesBuildPhase;
			buildActionMask = 2147483647;
			files = (
				D227149A1840CFF10070E85D /* Images.xcassets in Resources */,
				D221D5C91841103500793B37 /* EPAdViewController.xib in Resources */,
				D227148C1840CFF10070E85D /* InfoPlist.strings in Resources */,
				F4BA643C1840E4E800DEA91A /* HomeImages.xcassets in Resources */,
				D22714951840CFF10070E85D /* Main.storyboard in Resources */,
			);
			runOnlyForDeploymentPostprocessing = 0;
		};
		D227149D1840CFF10070E85D /* Resources */ = {
			isa = PBXResourcesBuildPhase;
			buildActionMask = 2147483647;
			files = (
				D22714AB1840CFF10070E85D /* InfoPlist.strings in Resources */,
			);
			runOnlyForDeploymentPostprocessing = 0;
		};
/* End PBXResourcesBuildPhase section */

/* Begin PBXSourcesBuildPhase section */
		D227147A1840CFF10070E85D /* Sources */ = {
			isa = PBXSourcesBuildPhase;
			buildActionMask = 2147483647;
			files = (
				F4BA644A1840F7C100DEA91A /* EPInfoViewController.m in Sources */,
				D221D5CC184110E400793B37 /* EPViewController.m in Sources */,
				D221D5C81841103500793B37 /* EPAdViewController.m in Sources */,
				D227148E1840CFF10070E85D /* main.m in Sources */,
				D22714921840CFF10070E85D /* EPAppDelegate.m in Sources */,
				F4850EF418411F3B0031A2B7 /* EPSignUpViewController.m in Sources */,
			);
			runOnlyForDeploymentPostprocessing = 0;
		};
		D227149B1840CFF10070E85D /* Sources */ = {
			isa = PBXSourcesBuildPhase;
			buildActionMask = 2147483647;
			files = (
				D22714AD1840CFF10070E85D /* MobidevlandTests.m in Sources */,
			);
			runOnlyForDeploymentPostprocessing = 0;
		};
/* End PBXSourcesBuildPhase section */

/* Begin PBXTargetDependency section */
		D22714A51840CFF10070E85D /* PBXTargetDependency */ = {
			isa = PBXTargetDependency;
			target = D227147D1840CFF10070E85D /* Mobidevland */;
			targetProxy = D22714A41840CFF10070E85D /* PBXContainerItemProxy */;
		};
/* End PBXTargetDependency section */

/* Begin PBXVariantGroup section */
		D227148A1840CFF10070E85D /* InfoPlist.strings */ = {
			isa = PBXVariantGroup;
			children = (
				D227148B1840CFF10070E85D /* en */,
			);
			name = InfoPlist.strings;
			sourceTree = "<group>";
		};
		D22714931840CFF10070E85D /* Main.storyboard */ = {
			isa = PBXVariantGroup;
			children = (
				D22714941840CFF10070E85D /* Base */,
			);
			name = Main.storyboard;
			sourceTree = "<group>";
		};
		D22714A91840CFF10070E85D /* InfoPlist.strings */ = {
			isa = PBXVariantGroup;
			children = (
				D22714AA1840CFF10070E85D /* en */,
			);
			name = InfoPlist.strings;
			sourceTree = "<group>";
		};
/* End PBXVariantGroup section */

/* Begin XCBuildConfiguration section */
		D22714AE1840CFF10070E85D /* Debug */ = {
			isa = XCBuildConfiguration;
			buildSettings = {
				ALWAYS_SEARCH_USER_PATHS = NO;
				ARCHS = "$(ARCHS_STANDARD_INCLUDING_64_BIT)";
				CLANG_CXX_LANGUAGE_STANDARD = "gnu++0x";
				CLANG_CXX_LIBRARY = "libc++";
				CLANG_ENABLE_MODULES = YES;
				CLANG_ENABLE_OBJC_ARC = YES;
				CLANG_WARN_BOOL_CONVERSION = YES;
				CLANG_WARN_CONSTANT_CONVERSION = YES;
				CLANG_WARN_DIRECT_OBJC_ISA_USAGE = YES_ERROR;
				CLANG_WARN_EMPTY_BODY = YES;
				CLANG_WARN_ENUM_CONVERSION = YES;
				CLANG_WARN_INT_CONVERSION = YES;
				CLANG_WARN_OBJC_ROOT_CLASS = YES_ERROR;
				CLANG_WARN__DUPLICATE_METHOD_MATCH = YES;
				"CODE_SIGN_IDENTITY[sdk=iphoneos*]" = "iPhone Developer";
				COPY_PHASE_STRIP = NO;
				GCC_C_LANGUAGE_STANDARD = gnu99;
				GCC_DYNAMIC_NO_PIC = NO;
				GCC_OPTIMIZATION_LEVEL = 0;
				GCC_PREPROCESSOR_DEFINITIONS = (
					"DEBUG=1",
					"$(inherited)",
				);
				GCC_SYMBOLS_PRIVATE_EXTERN = NO;
				GCC_WARN_64_TO_32_BIT_CONVERSION = YES;
				GCC_WARN_ABOUT_RETURN_TYPE = YES_ERROR;
				GCC_WARN_UNDECLARED_SELECTOR = YES;
				GCC_WARN_UNINITIALIZED_AUTOS = YES;
				GCC_WARN_UNUSED_FUNCTION = YES;
				GCC_WARN_UNUSED_VARIABLE = YES;
				IPHONEOS_DEPLOYMENT_TARGET = 7.0;
				ONLY_ACTIVE_ARCH = YES;
				SDKROOT = iphoneos;
			};
			name = Debug;
		};
		D22714AF1840CFF10070E85D /* Release */ = {
			isa = XCBuildConfiguration;
			buildSettings = {
				ALWAYS_SEARCH_USER_PATHS = NO;
				ARCHS = "$(ARCHS_STANDARD_INCLUDING_64_BIT)";
				CLANG_CXX_LANGUAGE_STANDARD = "gnu++0x";
				CLANG_CXX_LIBRARY = "libc++";
				CLANG_ENABLE_MODULES = YES;
				CLANG_ENABLE_OBJC_ARC = YES;
				CLANG_WARN_BOOL_CONVERSION = YES;
				CLANG_WARN_CONSTANT_CONVERSION = YES;
				CLANG_WARN_DIRECT_OBJC_ISA_USAGE = YES_ERROR;
				CLANG_WARN_EMPTY_BODY = YES;
				CLANG_WARN_ENUM_CONVERSION = YES;
				CLANG_WARN_INT_CONVERSION = YES;
				CLANG_WARN_OBJC_ROOT_CLASS = YES_ERROR;
				CLANG_WARN__DUPLICATE_METHOD_MATCH = YES;
				"CODE_SIGN_IDENTITY[sdk=iphoneos*]" = "iPhone Developer";
				COPY_PHASE_STRIP = YES;
				ENABLE_NS_ASSERTIONS = NO;
				GCC_C_LANGUAGE_STANDARD = gnu99;
				GCC_WARN_64_TO_32_BIT_CONVERSION = YES;
				GCC_WARN_ABOUT_RETURN_TYPE = YES_ERROR;
				GCC_WARN_UNDECLARED_SELECTOR = YES;
				GCC_WARN_UNINITIALIZED_AUTOS = YES;
				GCC_WARN_UNUSED_FUNCTION = YES;
				GCC_WARN_UNUSED_VARIABLE = YES;
				IPHONEOS_DEPLOYMENT_TARGET = 7.0;
				SDKROOT = iphoneos;
				VALIDATE_PRODUCT = YES;
			};
			name = Release;
		};
		D22714B11840CFF10070E85D /* Debug */ = {
			isa = XCBuildConfiguration;
			buildSettings = {
				ASSETCATALOG_COMPILER_APPICON_NAME = AppIcon;
				ASSETCATALOG_COMPILER_LAUNCHIMAGE_NAME = LaunchImage;
				CODE_SIGN_IDENTITY = "iPhone Developer";
				FRAMEWORK_SEARCH_PATHS = (
					"$(inherited)",
					Mobidevland,
				);
				GCC_PRECOMPILE_PREFIX_HEADER = YES;
				GCC_PREFIX_HEADER = "Mobidevland/Mobidevland-Prefix.pch";
				INFOPLIST_FILE = "Mobidevland/Mobidevland-Info.plist";
				PRODUCT_NAME = "$(TARGET_NAME)";
				TARGETED_DEVICE_FAMILY = 1;
				WRAPPER_EXTENSION = app;
			};
			name = Debug;
		};
		D22714B21840CFF10070E85D /* Release */ = {
			isa = XCBuildConfiguration;
			buildSettings = {
				ASSETCATALOG_COMPILER_APPICON_NAME = AppIcon;
				ASSETCATALOG_COMPILER_LAUNCHIMAGE_NAME = LaunchImage;
				CODE_SIGN_IDENTITY = "iPhone Developer";
				FRAMEWORK_SEARCH_PATHS = (
					"$(inherited)",
					Mobidevland,
				);
				GCC_PRECOMPILE_PREFIX_HEADER = YES;
				GCC_PREFIX_HEADER = "Mobidevland/Mobidevland-Prefix.pch";
				INFOPLIST_FILE = "Mobidevland/Mobidevland-Info.plist";
				PRODUCT_NAME = "$(TARGET_NAME)";
				TARGETED_DEVICE_FAMILY = 1;
				WRAPPER_EXTENSION = app;
			};
			name = Release;
		};
		D22714B41840CFF10070E85D /* Debug */ = {
			isa = XCBuildConfiguration;
			buildSettings = {
				ARCHS = "$(ARCHS_STANDARD_INCLUDING_64_BIT)";
				BUNDLE_LOADER = "$(BUILT_PRODUCTS_DIR)/Mobidevland.app/Mobidevland";
				FRAMEWORK_SEARCH_PATHS = (
					"$(SDKROOT)/Developer/Library/Frameworks",
					"$(inherited)",
					"$(DEVELOPER_FRAMEWORKS_DIR)",
				);
				GCC_PRECOMPILE_PREFIX_HEADER = YES;
				GCC_PREFIX_HEADER = "Mobidevland/Mobidevland-Prefix.pch";
				GCC_PREPROCESSOR_DEFINITIONS = (
					"DEBUG=1",
					"$(inherited)",
				);
				INFOPLIST_FILE = "MobidevlandTests/MobidevlandTests-Info.plist";
				PRODUCT_NAME = "$(TARGET_NAME)";
				TEST_HOST = "$(BUNDLE_LOADER)";
				WRAPPER_EXTENSION = xctest;
			};
			name = Debug;
		};
		D22714B51840CFF10070E85D /* Release */ = {
			isa = XCBuildConfiguration;
			buildSettings = {
				ARCHS = "$(ARCHS_STANDARD_INCLUDING_64_BIT)";
				BUNDLE_LOADER = "$(BUILT_PRODUCTS_DIR)/Mobidevland.app/Mobidevland";
				FRAMEWORK_SEARCH_PATHS = (
					"$(SDKROOT)/Developer/Library/Frameworks",
					"$(inherited)",
					"$(DEVELOPER_FRAMEWORKS_DIR)",
				);
				GCC_PRECOMPILE_PREFIX_HEADER = YES;
				GCC_PREFIX_HEADER = "Mobidevland/Mobidevland-Prefix.pch";
				INFOPLIST_FILE = "MobidevlandTests/MobidevlandTests-Info.plist";
				PRODUCT_NAME = "$(TARGET_NAME)";
				TEST_HOST = "$(BUNDLE_LOADER)";
				WRAPPER_EXTENSION = xctest;
			};
			name = Release;
		};
/* End XCBuildConfiguration section */

/* Begin XCConfigurationList section */
		D22714791840CFF10070E85D /* Build configuration list for PBXProject "Mobidevland" */ = {
			isa = XCConfigurationList;
			buildConfigurations = (
				D22714AE1840CFF10070E85D /* Debug */,
				D22714AF1840CFF10070E85D /* Release */,
			);
			defaultConfigurationIsVisible = 0;
			defaultConfigurationName = Release;
		};
		D22714B01840CFF10070E85D /* Build configuration list for PBXNativeTarget "Mobidevland" */ = {
			isa = XCConfigurationList;
			buildConfigurations = (
				D22714B11840CFF10070E85D /* Debug */,
				D22714B21840CFF10070E85D /* Release */,
			);
			defaultConfigurationIsVisible = 0;
			defaultConfigurationName = Release;
		};
		D22714B31840CFF10070E85D /* Build configuration list for PBXNativeTarget "MobidevlandTests" */ = {
			isa = XCConfigurationList;
			buildConfigurations = (
				D22714B41840CFF10070E85D /* Debug */,
				D22714B51840CFF10070E85D /* Release */,
			);
			defaultConfigurationIsVisible = 0;
			defaultConfigurationName = Release;
		};
/* End XCConfigurationList section */
	};
	rootObject = D22714761840CFF10070E85D /* Project object */;
}
