// !$*UTF8*$!
{
	archiveVersion = 1;
	classes = {
	};
	objectVersion = 46;
	objects = {

/* Begin PBXBuildFile section */
		D22714411840C6020070E85D /* Foundation.framework in Frameworks */ = {isa = PBXBuildFile; fileRef = D22714401840C6020070E85D /* Foundation.framework */; };
		D22714431840C6020070E85D /* CoreGraphics.framework in Frameworks */ = {isa = PBXBuildFile; fileRef = D22714421840C6020070E85D /* CoreGraphics.framework */; };
		D22714451840C6020070E85D /* UIKit.framework in Frameworks */ = {isa = PBXBuildFile; fileRef = D22714441840C6020070E85D /* UIKit.framework */; };
		D227144B1840C6020070E85D /* InfoPlist.strings in Resources */ = {isa = PBXBuildFile; fileRef = D22714491840C6020070E85D /* InfoPlist.strings */; };
		D227144D1840C6020070E85D /* main.m in Sources */ = {isa = PBXBuildFile; fileRef = D227144C1840C6020070E85D /* main.m */; };
		D22714511840C6020070E85D /* EPAppDelegate.m in Sources */ = {isa = PBXBuildFile; fileRef = D22714501840C6020070E85D /* EPAppDelegate.m */; };
		D22714541840C6020070E85D /* Main.storyboard in Resources */ = {isa = PBXBuildFile; fileRef = D22714521840C6020070E85D /* Main.storyboard */; };
		D22714571840C6020070E85D /* EPViewController.m in Sources */ = {isa = PBXBuildFile; fileRef = D22714561840C6020070E85D /* EPViewController.m */; };
		D22714591840C6020070E85D /* Images.xcassets in Resources */ = {isa = PBXBuildFile; fileRef = D22714581840C6020070E85D /* Images.xcassets */; };
		D22714601840C6020070E85D /* XCTest.framework in Frameworks */ = {isa = PBXBuildFile; fileRef = D227145F1840C6020070E85D /* XCTest.framework */; };
		D22714611840C6020070E85D /* Foundation.framework in Frameworks */ = {isa = PBXBuildFile; fileRef = D22714401840C6020070E85D /* Foundation.framework */; };
		D22714621840C6020070E85D /* UIKit.framework in Frameworks */ = {isa = PBXBuildFile; fileRef = D22714441840C6020070E85D /* UIKit.framework */; };
		D227146A1840C6020070E85D /* InfoPlist.strings in Resources */ = {isa = PBXBuildFile; fileRef = D22714681840C6020070E85D /* InfoPlist.strings */; };
		D227146C1840C6020070E85D /* MobidevlandTests.m in Sources */ = {isa = PBXBuildFile; fileRef = D227146B1840C6020070E85D /* MobidevlandTests.m */; };
/* End PBXBuildFile section */

/* Begin PBXContainerItemProxy section */
		D22714631840C6020070E85D /* PBXContainerItemProxy */ = {
			isa = PBXContainerItemProxy;
			containerPortal = D22714351840C6020070E85D /* Project object */;
			proxyType = 1;
			remoteGlobalIDString = D227143C1840C6020070E85D;
			remoteInfo = Mobidevland;
		};
/* End PBXContainerItemProxy section */

/* Begin PBXFileReference section */
		D227143D1840C6020070E85D /* Mobidevland.app */ = {isa = PBXFileReference; explicitFileType = wrapper.application; includeInIndex = 0; path = Mobidevland.app; sourceTree = BUILT_PRODUCTS_DIR; };
		D22714401840C6020070E85D /* Foundation.framework */ = {isa = PBXFileReference; lastKnownFileType = wrapper.framework; name = Foundation.framework; path = System/Library/Frameworks/Foundation.framework; sourceTree = SDKROOT; };
		D22714421840C6020070E85D /* CoreGraphics.framework */ = {isa = PBXFileReference; lastKnownFileType = wrapper.framework; name = CoreGraphics.framework; path = System/Library/Frameworks/CoreGraphics.framework; sourceTree = SDKROOT; };
		D22714441840C6020070E85D /* UIKit.framework */ = {isa = PBXFileReference; lastKnownFileType = wrapper.framework; name = UIKit.framework; path = System/Library/Frameworks/UIKit.framework; sourceTree = SDKROOT; };
		D22714481840C6020070E85D /* Mobidevland-Info.plist */ = {isa = PBXFileReference; lastKnownFileType = text.plist.xml; path = "Mobidevland-Info.plist"; sourceTree = "<group>"; };
		D227144A1840C6020070E85D /* en */ = {isa = PBXFileReference; lastKnownFileType = text.plist.strings; name = en; path = en.lproj/InfoPlist.strings; sourceTree = "<group>"; };
		D227144C1840C6020070E85D /* main.m */ = {isa = PBXFileReference; lastKnownFileType = sourcecode.c.objc; path = main.m; sourceTree = "<group>"; };
		D227144E1840C6020070E85D /* Mobidevland-Prefix.pch */ = {isa = PBXFileReference; lastKnownFileType = sourcecode.c.h; path = "Mobidevland-Prefix.pch"; sourceTree = "<group>"; };
		D227144F1840C6020070E85D /* EPAppDelegate.h */ = {isa = PBXFileReference; lastKnownFileType = sourcecode.c.h; path = EPAppDelegate.h; sourceTree = "<group>"; };
		D22714501840C6020070E85D /* EPAppDelegate.m */ = {isa = PBXFileReference; lastKnownFileType = sourcecode.c.objc; path = EPAppDelegate.m; sourceTree = "<group>"; };
		D22714531840C6020070E85D /* Base */ = {isa = PBXFileReference; lastKnownFileType = file.storyboard; name = Base; path = Base.lproj/Main.storyboard; sourceTree = "<group>"; };
		D22714551840C6020070E85D /* EPViewController.h */ = {isa = PBXFileReference; lastKnownFileType = sourcecode.c.h; path = EPViewController.h; sourceTree = "<group>"; };
		D22714561840C6020070E85D /* EPViewController.m */ = {isa = PBXFileReference; lastKnownFileType = sourcecode.c.objc; path = EPViewController.m; sourceTree = "<group>"; };
		D22714581840C6020070E85D /* Images.xcassets */ = {isa = PBXFileReference; lastKnownFileType = folder.assetcatalog; path = Images.xcassets; sourceTree = "<group>"; };
		D227145E1840C6020070E85D /* MobidevlandTests.xctest */ = {isa = PBXFileReference; explicitFileType = wrapper.cfbundle; includeInIndex = 0; path = MobidevlandTests.xctest; sourceTree = BUILT_PRODUCTS_DIR; };
		D227145F1840C6020070E85D /* XCTest.framework */ = {isa = PBXFileReference; lastKnownFileType = wrapper.framework; name = XCTest.framework; path = Library/Frameworks/XCTest.framework; sourceTree = DEVELOPER_DIR; };
		D22714671840C6020070E85D /* MobidevlandTests-Info.plist */ = {isa = PBXFileReference; lastKnownFileType = text.plist.xml; path = "MobidevlandTests-Info.plist"; sourceTree = "<group>"; };
		D22714691840C6020070E85D /* en */ = {isa = PBXFileReference; lastKnownFileType = text.plist.strings; name = en; path = en.lproj/InfoPlist.strings; sourceTree = "<group>"; };
		D227146B1840C6020070E85D /* MobidevlandTests.m */ = {isa = PBXFileReference; lastKnownFileType = sourcecode.c.objc; path = MobidevlandTests.m; sourceTree = "<group>"; };
/* End PBXFileReference section */

/* Begin PBXFrameworksBuildPhase section */
		D227143A1840C6020070E85D /* Frameworks */ = {
			isa = PBXFrameworksBuildPhase;
			buildActionMask = 2147483647;
			files = (
				D22714431840C6020070E85D /* CoreGraphics.framework in Frameworks */,
				D22714451840C6020070E85D /* UIKit.framework in Frameworks */,
				D22714411840C6020070E85D /* Foundation.framework in Frameworks */,
			);
			runOnlyForDeploymentPostprocessing = 0;
		};
		D227145B1840C6020070E85D /* Frameworks */ = {
			isa = PBXFrameworksBuildPhase;
			buildActionMask = 2147483647;
			files = (
				D22714601840C6020070E85D /* XCTest.framework in Frameworks */,
				D22714621840C6020070E85D /* UIKit.framework in Frameworks */,
				D22714611840C6020070E85D /* Foundation.framework in Frameworks */,
			);
			runOnlyForDeploymentPostprocessing = 0;
		};
/* End PBXFrameworksBuildPhase section */

/* Begin PBXGroup section */
		D22714341840C6020070E85D = {
			isa = PBXGroup;
			children = (
				D22714461840C6020070E85D /* Mobidevland */,
				D22714651840C6020070E85D /* MobidevlandTests */,
				D227143F1840C6020070E85D /* Frameworks */,
				D227143E1840C6020070E85D /* Products */,
			);
			sourceTree = "<group>";
		};
		D227143E1840C6020070E85D /* Products */ = {
			isa = PBXGroup;
			children = (
				D227143D1840C6020070E85D /* Mobidevland.app */,
				D227145E1840C6020070E85D /* MobidevlandTests.xctest */,
			);
			name = Products;
			sourceTree = "<group>";
		};
		D227143F1840C6020070E85D /* Frameworks */ = {
			isa = PBXGroup;
			children = (
				D22714401840C6020070E85D /* Foundation.framework */,
				D22714421840C6020070E85D /* CoreGraphics.framework */,
				D22714441840C6020070E85D /* UIKit.framework */,
				D227145F1840C6020070E85D /* XCTest.framework */,
			);
			name = Frameworks;
			sourceTree = "<group>";
		};
		D22714461840C6020070E85D /* Mobidevland */ = {
			isa = PBXGroup;
			children = (
				D227144F1840C6020070E85D /* EPAppDelegate.h */,
				D22714501840C6020070E85D /* EPAppDelegate.m */,
				D22714521840C6020070E85D /* Main.storyboard */,
				D22714551840C6020070E85D /* EPViewController.h */,
				D22714561840C6020070E85D /* EPViewController.m */,
				D22714581840C6020070E85D /* Images.xcassets */,
				D22714471840C6020070E85D /* Supporting Files */,
			);
			path = Mobidevland;
			sourceTree = "<group>";
		};
		D22714471840C6020070E85D /* Supporting Files */ = {
			isa = PBXGroup;
			children = (
				D22714481840C6020070E85D /* Mobidevland-Info.plist */,
				D22714491840C6020070E85D /* InfoPlist.strings */,
				D227144C1840C6020070E85D /* main.m */,
				D227144E1840C6020070E85D /* Mobidevland-Prefix.pch */,
			);
			name = "Supporting Files";
			sourceTree = "<group>";
		};
		D22714651840C6020070E85D /* MobidevlandTests */ = {
			isa = PBXGroup;
			children = (
				D227146B1840C6020070E85D /* MobidevlandTests.m */,
				D22714661840C6020070E85D /* Supporting Files */,
			);
			path = MobidevlandTests;
			sourceTree = "<group>";
		};
		D22714661840C6020070E85D /* Supporting Files */ = {
			isa = PBXGroup;
			children = (
				D22714671840C6020070E85D /* MobidevlandTests-Info.plist */,
				D22714681840C6020070E85D /* InfoPlist.strings */,
			);
			name = "Supporting Files";
			sourceTree = "<group>";
		};
/* End PBXGroup section */

/* Begin PBXNativeTarget section */
		D227143C1840C6020070E85D /* Mobidevland */ = {
			isa = PBXNativeTarget;
			buildConfigurationList = D227146F1840C6020070E85D /* Build configuration list for PBXNativeTarget "Mobidevland" */;
			buildPhases = (
				D22714391840C6020070E85D /* Sources */,
				D227143A1840C6020070E85D /* Frameworks */,
				D227143B1840C6020070E85D /* Resources */,
			);
			buildRules = (
			);
			dependencies = (
			);
			name = Mobidevland;
			productName = Mobidevland;
			productReference = D227143D1840C6020070E85D /* Mobidevland.app */;
			productType = "com.apple.product-type.application";
		};
		D227145D1840C6020070E85D /* MobidevlandTests */ = {
			isa = PBXNativeTarget;
			buildConfigurationList = D22714721840C6020070E85D /* Build configuration list for PBXNativeTarget "MobidevlandTests" */;
			buildPhases = (
				D227145A1840C6020070E85D /* Sources */,
				D227145B1840C6020070E85D /* Frameworks */,
				D227145C1840C6020070E85D /* Resources */,
			);
			buildRules = (
			);
			dependencies = (
				D22714641840C6020070E85D /* PBXTargetDependency */,
			);
			name = MobidevlandTests;
			productName = MobidevlandTests;
			productReference = D227145E1840C6020070E85D /* MobidevlandTests.xctest */;
			productType = "com.apple.product-type.bundle.unit-test";
		};
/* End PBXNativeTarget section */

/* Begin PBXProject section */
		D22714351840C6020070E85D /* Project object */ = {
			isa = PBXProject;
			attributes = {
				CLASSPREFIX = EP;
				LastUpgradeCheck = 0500;
				ORGANIZATIONNAME = EpiPortal;
				TargetAttributes = {
					D227143C1840C6020070E85D = {
						DevelopmentTeam = E5L7NC8M9T;
					};
					D227145D1840C6020070E85D = {
						TestTargetID = D227143C1840C6020070E85D;
					};
				};
			};
			buildConfigurationList = D22714381840C6020070E85D /* Build configuration list for PBXProject "Mobidevland" */;
			compatibilityVersion = "Xcode 3.2";
			developmentRegion = English;
			hasScannedForEncodings = 0;
			knownRegions = (
				en,
				Base,
			);
			mainGroup = D22714341840C6020070E85D;
			productRefGroup = D227143E1840C6020070E85D /* Products */;
			projectDirPath = "";
			projectRoot = "";
			targets = (
				D227143C1840C6020070E85D /* Mobidevland */,
				D227145D1840C6020070E85D /* MobidevlandTests */,
			);
		};
/* End PBXProject section */

/* Begin PBXResourcesBuildPhase section */
		D227143B1840C6020070E85D /* Resources */ = {
			isa = PBXResourcesBuildPhase;
			buildActionMask = 2147483647;
			files = (
				D22714591840C6020070E85D /* Images.xcassets in Resources */,
				D227144B1840C6020070E85D /* InfoPlist.strings in Resources */,
				D22714541840C6020070E85D /* Main.storyboard in Resources */,
			);
			runOnlyForDeploymentPostprocessing = 0;
		};
		D227145C1840C6020070E85D /* Resources */ = {
			isa = PBXResourcesBuildPhase;
			buildActionMask = 2147483647;
			files = (
				D227146A1840C6020070E85D /* InfoPlist.strings in Resources */,
			);
			runOnlyForDeploymentPostprocessing = 0;
		};
/* End PBXResourcesBuildPhase section */

/* Begin PBXSourcesBuildPhase section */
		D22714391840C6020070E85D /* Sources */ = {
			isa = PBXSourcesBuildPhase;
			buildActionMask = 2147483647;
			files = (
				D22714571840C6020070E85D /* EPViewController.m in Sources */,
				D227144D1840C6020070E85D /* main.m in Sources */,
				D22714511840C6020070E85D /* EPAppDelegate.m in Sources */,
			);
			runOnlyForDeploymentPostprocessing = 0;
		};
		D227145A1840C6020070E85D /* Sources */ = {
			isa = PBXSourcesBuildPhase;
			buildActionMask = 2147483647;
			files = (
				D227146C1840C6020070E85D /* MobidevlandTests.m in Sources */,
			);
			runOnlyForDeploymentPostprocessing = 0;
		};
/* End PBXSourcesBuildPhase section */

/* Begin PBXTargetDependency section */
		D22714641840C6020070E85D /* PBXTargetDependency */ = {
			isa = PBXTargetDependency;
			target = D227143C1840C6020070E85D /* Mobidevland */;
			targetProxy = D22714631840C6020070E85D /* PBXContainerItemProxy */;
		};
/* End PBXTargetDependency section */

/* Begin PBXVariantGroup section */
		D22714491840C6020070E85D /* InfoPlist.strings */ = {
			isa = PBXVariantGroup;
			children = (
				D227144A1840C6020070E85D /* en */,
			);
			name = InfoPlist.strings;
			sourceTree = "<group>";
		};
		D22714521840C6020070E85D /* Main.storyboard */ = {
			isa = PBXVariantGroup;
			children = (
				D22714531840C6020070E85D /* Base */,
			);
			name = Main.storyboard;
			sourceTree = "<group>";
		};
		D22714681840C6020070E85D /* InfoPlist.strings */ = {
			isa = PBXVariantGroup;
			children = (
				D22714691840C6020070E85D /* en */,
			);
			name = InfoPlist.strings;
			sourceTree = "<group>";
		};
/* End PBXVariantGroup section */

/* Begin XCBuildConfiguration section */
		D227146D1840C6020070E85D /* Debug */ = {
			isa = XCBuildConfiguration;
			buildSettings = {
				ALWAYS_SEARCH_USER_PATHS = NO;
				ARCHS = "$(ARCHS_STANDARD_INCLUDING_64_BIT)";
				CLANG_CXX_LANGUAGE_STANDARD = "gnu++0x";
				CLANG_CXX_LIBRARY = "libc++";
				CLANG_ENABLE_MODULES = YES;
				CLANG_ENABLE_OBJC_ARC = YES;
				CLANG_WARN_BOOL_CONVERSION = YES;
				CLANG_WARN_CONSTANT_CONVERSION = YES;
				CLANG_WARN_DIRECT_OBJC_ISA_USAGE = YES_ERROR;
				CLANG_WARN_EMPTY_BODY = YES;
				CLANG_WARN_ENUM_CONVERSION = YES;
				CLANG_WARN_INT_CONVERSION = YES;
				CLANG_WARN_OBJC_ROOT_CLASS = YES_ERROR;
				CLANG_WARN__DUPLICATE_METHOD_MATCH = YES;
				"CODE_SIGN_IDENTITY[sdk=iphoneos*]" = "iPhone Developer";
				COPY_PHASE_STRIP = NO;
				GCC_C_LANGUAGE_STANDARD = gnu99;
				GCC_DYNAMIC_NO_PIC = NO;
				GCC_OPTIMIZATION_LEVEL = 0;
				GCC_PREPROCESSOR_DEFINITIONS = (
					"DEBUG=1",
					"$(inherited)",
				);
				GCC_SYMBOLS_PRIVATE_EXTERN = NO;
				GCC_WARN_64_TO_32_BIT_CONVERSION = YES;
				GCC_WARN_ABOUT_RETURN_TYPE = YES_ERROR;
				GCC_WARN_UNDECLARED_SELECTOR = YES;
				GCC_WARN_UNINITIALIZED_AUTOS = YES;
				GCC_WARN_UNUSED_FUNCTION = YES;
				GCC_WARN_UNUSED_VARIABLE = YES;
				IPHONEOS_DEPLOYMENT_TARGET = 7.0;
				ONLY_ACTIVE_ARCH = YES;
				SDKROOT = iphoneos;
			};
			name = Debug;
		};
		D227146E1840C6020070E85D /* Release */ = {
			isa = XCBuildConfiguration;
			buildSettings = {
				ALWAYS_SEARCH_USER_PATHS = NO;
				ARCHS = "$(ARCHS_STANDARD_INCLUDING_64_BIT)";
				CLANG_CXX_LANGUAGE_STANDARD = "gnu++0x";
				CLANG_CXX_LIBRARY = "libc++";
				CLANG_ENABLE_MODULES = YES;
				CLANG_ENABLE_OBJC_ARC = YES;
				CLANG_WARN_BOOL_CONVERSION = YES;
				CLANG_WARN_CONSTANT_CONVERSION = YES;
				CLANG_WARN_DIRECT_OBJC_ISA_USAGE = YES_ERROR;
				CLANG_WARN_EMPTY_BODY = YES;
				CLANG_WARN_ENUM_CONVERSION = YES;
				CLANG_WARN_INT_CONVERSION = YES;
				CLANG_WARN_OBJC_ROOT_CLASS = YES_ERROR;
				CLANG_WARN__DUPLICATE_METHOD_MATCH = YES;
				"CODE_SIGN_IDENTITY[sdk=iphoneos*]" = "iPhone Developer";
				COPY_PHASE_STRIP = YES;
				ENABLE_NS_ASSERTIONS = NO;
				GCC_C_LANGUAGE_STANDARD = gnu99;
				GCC_WARN_64_TO_32_BIT_CONVERSION = YES;
				GCC_WARN_ABOUT_RETURN_TYPE = YES_ERROR;
				GCC_WARN_UNDECLARED_SELECTOR = YES;
				GCC_WARN_UNINITIALIZED_AUTOS = YES;
				GCC_WARN_UNUSED_FUNCTION = YES;
				GCC_WARN_UNUSED_VARIABLE = YES;
				IPHONEOS_DEPLOYMENT_TARGET = 7.0;
				SDKROOT = iphoneos;
				VALIDATE_PRODUCT = YES;
			};
			name = Release;
		};
		D22714701840C6020070E85D /* Debug */ = {
			isa = XCBuildConfiguration;
			buildSettings = {
				ASSETCATALOG_COMPILER_APPICON_NAME = AppIcon;
				ASSETCATALOG_COMPILER_LAUNCHIMAGE_NAME = LaunchImage;
				CODE_SIGN_IDENTITY = "iPhone Developer";
				GCC_PRECOMPILE_PREFIX_HEADER = YES;
				GCC_PREFIX_HEADER = "Mobidevland/Mobidevland-Prefix.pch";
				INFOPLIST_FILE = "Mobidevland/Mobidevland-Info.plist";
				PRODUCT_NAME = "$(TARGET_NAME)";
				WRAPPER_EXTENSION = app;
			};
			name = Debug;
		};
		D22714711840C6020070E85D /* Release */ = {
			isa = XCBuildConfiguration;
			buildSettings = {
				ASSETCATALOG_COMPILER_APPICON_NAME = AppIcon;
				ASSETCATALOG_COMPILER_LAUNCHIMAGE_NAME = LaunchImage;
				CODE_SIGN_IDENTITY = "iPhone Developer";
				GCC_PRECOMPILE_PREFIX_HEADER = YES;
				GCC_PREFIX_HEADER = "Mobidevland/Mobidevland-Prefix.pch";
				INFOPLIST_FILE = "Mobidevland/Mobidevland-Info.plist";
				PRODUCT_NAME = "$(TARGET_NAME)";
				WRAPPER_EXTENSION = app;
			};
			name = Release;
		};
		D22714731840C6020070E85D /* Debug */ = {
			isa = XCBuildConfiguration;
			buildSettings = {
				ARCHS = "$(ARCHS_STANDARD_INCLUDING_64_BIT)";
				BUNDLE_LOADER = "$(BUILT_PRODUCTS_DIR)/Mobidevland.app/Mobidevland";
				FRAMEWORK_SEARCH_PATHS = (
					"$(SDKROOT)/Developer/Library/Frameworks",
					"$(inherited)",
					"$(DEVELOPER_FRAMEWORKS_DIR)",
				);
				GCC_PRECOMPILE_PREFIX_HEADER = YES;
				GCC_PREFIX_HEADER = "Mobidevland/Mobidevland-Prefix.pch";
				GCC_PREPROCESSOR_DEFINITIONS = (
					"DEBUG=1",
					"$(inherited)",
				);
				INFOPLIST_FILE = "MobidevlandTests/MobidevlandTests-Info.plist";
				PRODUCT_NAME = "$(TARGET_NAME)";
				TEST_HOST = "$(BUNDLE_LOADER)";
				WRAPPER_EXTENSION = xctest;
			};
			name = Debug;
		};
		D22714741840C6020070E85D /* Release */ = {
			isa = XCBuildConfiguration;
			buildSettings = {
				ARCHS = "$(ARCHS_STANDARD_INCLUDING_64_BIT)";
				BUNDLE_LOADER = "$(BUILT_PRODUCTS_DIR)/Mobidevland.app/Mobidevland";
				FRAMEWORK_SEARCH_PATHS = (
					"$(SDKROOT)/Developer/Library/Frameworks",
					"$(inherited)",
					"$(DEVELOPER_FRAMEWORKS_DIR)",
				);
				GCC_PRECOMPILE_PREFIX_HEADER = YES;
				GCC_PREFIX_HEADER = "Mobidevland/Mobidevland-Prefix.pch";
				INFOPLIST_FILE = "MobidevlandTests/MobidevlandTests-Info.plist";
				PRODUCT_NAME = "$(TARGET_NAME)";
				TEST_HOST = "$(BUNDLE_LOADER)";
				WRAPPER_EXTENSION = xctest;
			};
			name = Release;
		};
/* End XCBuildConfiguration section */

/* Begin XCConfigurationList section */
		D22714381840C6020070E85D /* Build configuration list for PBXProject "Mobidevland" */ = {
			isa = XCConfigurationList;
			buildConfigurations = (
				D227146D1840C6020070E85D /* Debug */,
				D227146E1840C6020070E85D /* Release */,
			);
			defaultConfigurationIsVisible = 0;
			defaultConfigurationName = Release;
		};
		D227146F1840C6020070E85D /* Build configuration list for PBXNativeTarget "Mobidevland" */ = {
			isa = XCConfigurationList;
			buildConfigurations = (
				D22714701840C6020070E85D /* Debug */,
				D22714711840C6020070E85D /* Release */,
			);
			defaultConfigurationIsVisible = 0;
		};
		D22714721840C6020070E85D /* Build configuration list for PBXNativeTarget "MobidevlandTests" */ = {
			isa = XCConfigurationList;
			buildConfigurations = (
				D22714731840C6020070E85D /* Debug */,
				D22714741840C6020070E85D /* Release */,
			);
			defaultConfigurationIsVisible = 0;
		};
/* End XCConfigurationList section */
	};
	rootObject = D22714351840C6020070E85D /* Project object */;
}
